{
  "name": "mods",
  "version": "0.0.0",
  "lockfileVersion": 1,
  "requires": true,
  "dependencies": {
    "meme": {
      "version": "0.1.2",
      "resolved": "https://registry.npmjs.org/meme/-/meme-0.1.2.tgz",
      "integrity": "sha1-U70qSTA0ZcXP82EkUAyeb57Kvog=",
      "requires": {
        "sprintf": "0.1"
      }
    },
    "sprintf": {
      "version": "0.1.5",
      "resolved": "https://registry.npmjs.org/sprintf/-/sprintf-0.1.5.tgz",
      "integrity": "sha1-j4PjmpMXwaUCy324BQ5Rxnn27c8="
    }
  }
}
